[
  {
    "id": 1232299183,
    "title": "Reinforcement Learning – FrozenLake",
    "description": "Reinforcement learning methods applied to navigation in the FrozenLake environment using dynamic programming and Monte Carlo methods.",
    "github": "https://github.com/ChiaraBenini/reinforcement-learning-frozenlake",
    "tags": [
      "Jupyter Notebook",
      "dynamic-programming",
      "gymnasium",
      "machine-learning",
      "markov-decision-process",
      "monte-carlo"
    ],
    "icons": {
      "Jupyter Notebook": "fas fa-code",
      "dynamic-programming": "fas fa-code",
      "gymnasium": "fas fa-code",
      "machine-learning": "fas fa-code",
      "markov-decision-process": "fas fa-code",
      "monte-carlo": "fas fa-code",
      "policy-iteration": "fas fa-code",
      "q-learning": "fas fa-code",
      "reinforcement-learning": "fas fa-code",
      "sarsa": "fas fa-code",
      "temporal-difference-learning": "fas fa-code",
      "value-iteration": "fas fa-code"
    },
    "updated_at": "2026-05-07T19:47:08Z",
    "stars": 0,
    "forks": 0,
    "hidden": false,
    "order": 999,
    "synced_at": "2026-05-07T20:04:09.599Z"
  },
  {
    "id": 1232294614,
    "title": "Deep Learning – Experiments",
    "description": "Collection of deep learning experiments and implementations using Jupyter notebooks.",
    "github": "https://github.com/ChiaraBenini/dl",
    "tags": ["Jupyter Notebook"],
    "icons": {
      "Jupyter Notebook": "fas fa-code"
    },
    "updated_at": "2026-05-07T19:37:45Z",
    "stars": 0,
    "forks": 0,
    "hidden": false,
    "order": 999,
    "synced_at": "2026-05-07T20:04:09.608Z"
  },
  {
    "id": 1232289387,
    "title": "Diffusion Models in Deep Learning",
    "description": "Experiments with diffusion models, classifier guidance, and generative AI techniques.",
    "github": "https://github.com/ChiaraBenini/dl-diffusion-models",
    "tags": [
      "Jupyter Notebook",
      "classifier-guidance",
      "deep-learning",
      "diffusion-models",
      "generative-ai",
      "machine-learning"
    ],
    "icons": {
      "Jupyter Notebook": "fas fa-code",
      "classifier-guidance": "fas fa-code",
      "deep-learning": "fas fa-code",
      "diffusion-models": "fas fa-code",
      "generative-ai": "fas fa-code",
      "machine-learning": "fas fa-code",
      "neural-network": "fas fa-code",
      "pytorch": "fas fa-code",
      "score-based-models": "fas fa-code",
      "stochastic-differential-equations": "fas fa-code",
      "time-series": "fas fa-code",
      "vp-sde": "fas fa-code"
    },
    "updated_at": "2026-05-07T19:34:31Z",
    "stars": 0,
    "forks": 0,
    "hidden": false,
    "order": 999,
    "synced_at": "2026-05-07T20:04:09.608Z"
  },
  {
    "id": 1232273721,
    "title": "Neural Dynamical Systems",
    "description": "Assignments and implementations exploring neural and dynamical systems in computational neuroscience.",
    "github": "https://github.com/ChiaraBenini/dynamical-systems-neural-models",
    "tags": [
      "Jupyter Notebook",
      "adaptive-exponential-neuron",
      "adex-model",
      "computational-neuroscience",
      "dynamical-systems",
      "julia"
    ],
    "icons": {
      "Jupyter Notebook": "fas fa-code",
      "adaptive-exponential-neuron": "fas fa-code",
      "adex-model": "fas fa-code",
      "computational-neuroscience": "fas fa-code",
      "dynamical-systems": "fas fa-code",
      "julia": "fas fa-code",
      "neural-models": "fas fa-code",
      "numerical-methods": "fas fa-code",
      "phase-plane": "fas fa-code",
      "scientific-computing": "fas fa-code",
      "short-term-plasticity": "fas fa-code",
      "synaptic-transmission": "fas fa-code",
      "wilson-cowan": "fas fa-code"
    },
    "updated_at": "2026-05-07T19:25:25Z",
    "stars": 0,
    "forks": 0,
    "hidden": false,
    "order": 999,
    "synced_at": "2026-05-07T20:04:09.608Z"
  },
  {
    "id": 1232268972,
    "title": "Cognitive Robotics with Nengo",
    "description": "Cognitive-inspired simulation of robotics systems using the Nengo neural modeling framework.",
    "github": "https://github.com/ChiaraBenini/nengo-cognitive-robot",
    "tags": [
      "Python",
      "biologically-plausible",
      "cognitive-robotics",
      "color-vision",
      "intrinsic-motivation",
      "nengo"
    ],
    "icons": {
      "Python": "fab fa-python",
      "biologically-plausible": "fas fa-code",
      "cognitive-robotics": "fas fa-code",
      "color-vision": "fas fa-code",
      "intrinsic-motivation": "fas fa-code",
      "nengo": "fas fa-code",
      "neural-engineering-framework": "fas fa-code",
      "neuromorphic-computing": "fas fa-code",
      "population-coding": "fas fa-code",
      "sensorimotor-integration": "fas fa-code",
      "working-memory": "fas fa-code"
    },
    "updated_at": "2026-05-07T19:04:48Z",
    "stars": 0,
    "forks": 0,
    "hidden": false,
    "order": 999,
    "synced_at": "2026-05-07T20:04:09.608Z"
  },
  {
    "id": 1232264567,
    "title": "Kalman Neural Decoder",
    "description": "State estimation and neural decoding using Kalman filtering and linear dynamical systems.",
    "github": "https://github.com/ChiaraBenini/kalman-neural-decoder",
    "tags": [
      "Jupyter Notebook",
      "brain-machine-interface",
      "jax",
      "kalman-filter",
      "linear-dynamical-systems",
      "matplotlib"
    ],
    "icons": {
      "Jupyter Notebook": "fas fa-code",
      "brain-machine-interface": "fas fa-code",
      "jax": "fas fa-code",
      "kalman-filter": "fas fa-code",
      "linear-dynamical-systems": "fas fa-code",
      "matplotlib": "fas fa-code",
      "neural-decoding": "fas fa-code",
      "scipy": "fas fa-code",
      "signal-processing": "fas fa-code",
      "state-estimation": "fas fa-code",
      "time-series-analysis": "fas fa-code"
    },
    "updated_at": "2026-05-07T18:57:41Z",
    "stars": 0,
    "forks": 0,
    "hidden": false,
    "order": 999,
    "synced_at": "2026-05-07T20:04:09.608Z"
  },
  {
    "id": 1232254610,
    "title": "Evolutionary SNN Neural Architecture Search",
    "description": "Research project exploring evolutionary neural architecture search for optimizing attention-based spiking neural networks.",
    "github": "https://github.com/ChiaraBenini/evolutionary-snn-nas",
    "tags": [
      "Python",
      "attention-mechanism",
      "cifar10",
      "deep-learning",
      "distributed-training",
      "evolutionary-algorithms"
    ],
    "icons": {
      "Python": "fab fa-python",
      "attention-mechanism": "fas fa-code",
      "cifar10": "fas fa-code",
      "deep-learning": "fas fa-code",
      "distributed-training": "fas fa-code",
      "evolutionary-algorithms": "fas fa-code",
      "machine-learning": "fas fa-code",
      "neural-architecture-search": "fas fa-code",
      "neuromorphic-computing": "fas fa-code",
      "pytorch": "fas fa-code",
      "spiking-neural-networks": "fas fa-code"
    },
    "updated_at": "2026-05-07T18:50:57Z",
    "stars": 0,
    "forks": 0,
    "hidden": false,
    "order": 999,
    "synced_at": "2026-05-07T20:04:09.608Z"
  },
  {
    "id": 1232248943,
    "title": "CEM-MPC Robust Control",
    "description": "Analysis of robustness of Cross-Entropy Method Model Predictive Control under model mismatch.",
    "github": "https://github.com/ChiaraBenini/control-cem-mpc-robustness",
    "tags": [
      "Jupyter Notebook",
      "cem",
      "control-theory",
      "jax",
      "machine-learning",
      "model-predictive-control"
    ],
    "icons": {
      "Jupyter Notebook": "fas fa-code",
      "cem": "fas fa-code",
      "control-theory": "fas fa-code",
      "jax": "fas fa-code",
      "machine-learning": "fas fa-code",
      "model-predictive-control": "fas fa-code",
      "nonlinear-control": "fas fa-code",
      "optimization": "fas fa-code",
      "python": "fas fa-code",
      "robotics": "fas fa-code",
      "scientific-computing": "fas fa-code"
    },
    "updated_at": "2026-05-07T18:37:59Z",
    "stars": 0,
    "forks": 0,
    "hidden": false,
    "order": 999,
    "synced_at": "2026-05-07T20:04:09.608Z"
  }
]